
Microsoft Visual Studio Solution File, Format Version 12.00
# Visual Studio Version 17
VisualStudioVersion = 17.9.34902.65
MinimumVisualStudioVersion = 10.0.40219.1
Project("{E24C65DC-7377-472B-9ABA-BC803B73C61A}") = "WebGPU", ".", "{8956FF84-59AD-4DEE-ADDD-84AD50126290}"
	ProjectSection(WebsiteProperties) = preProject
		TargetFrameworkMoniker = ".NETFramework,Version%3Dv4.8"
		Debug.AspNetCompiler.VirtualPath = "/localhost_61095"
		Debug.AspNetCompiler.PhysicalPath = "..\WebGPU\"
		Debug.AspNetCompiler.TargetPath = "PrecompiledWeb\localhost_61095\"
		Debug.AspNetCompiler.Updateable = "true"
		Debug.AspNetCompiler.ForceOverwrite = "true"
		Debug.AspNetCompiler.FixedNames = "false"
		Debug.AspNetCompiler.Debug = "True"
		Release.AspNetCompiler.VirtualPath = "/localhost_61095"
		Release.AspNetCompiler.PhysicalPath = "..\WebGPU\"
		Release.AspNetCompiler.TargetPath = "PrecompiledWeb\localhost_61095\"
		Release.AspNetCompiler.Updateable = "true"
		Release.AspNetCompiler.ForceOverwrite = "true"
		Release.AspNetCompiler.FixedNames = "false"
		Release.AspNetCompiler.Debug = "False"
		VWDPort = "61095"
		SlnRelativePath = "..\WebGPU\"
	EndProjectSection
EndProject
Global
	GlobalSection(SolutionConfigurationPlatforms) = preSolution
		Debug|Any CPU = Debug|Any CPU
	EndGlobalSection
	GlobalSection(ProjectConfigurationPlatforms) = postSolution
		{8956FF84-59AD-4DEE-ADDD-84AD50126290}.Debug|Any CPU.ActiveCfg = Debug|Any CPU
		{8956FF84-59AD-4DEE-ADDD-84AD50126290}.Debug|Any CPU.Build.0 = Debug|Any CPU
	EndGlobalSection
	GlobalSection(SolutionProperties) = preSolution
		HideSolutionNode = FALSE
	EndGlobalSection
	GlobalSection(ExtensibilityGlobals) = postSolution
		SolutionGuid = {F9074A23-CDB9-41C4-A6BB-838C1CA52F57}
	EndGlobalSection
EndGlobal
